
Microsoft Visual Studio Solution File, Format Version 12.00
# Visual Studio Version 17
VisualStudioVersion = 17.14.36401.2 d17.14
MinimumVisualStudioVersion = 10.0.40219.1
Project("{8BC9CEB8-8B4A-11D0-8D11-00A0C91BC942}") = "Project1", "Project1\Project1.vcxproj", "{8BC576C9-8A3A-4F98-A7F0-0E36BC8C92BF}"
EndProject
Global
	GlobalSection(SolutionConfigurationPlatforms) = preSolution
		Debug|x64 = Debug|x64
		Debug|x86 = Debug|x86
		Release|x64 = Release|x64
		Release|x86 = Release|x86
	EndGlobalSection
	GlobalSection(ProjectConfigurationPlatforms) = postSolution
		{8BC576C9-8A3A-4F98-A7F0-0E36BC8C92BF}.Debug|x64.ActiveCfg = Debug|x64
		{8BC576C9-8A3A-4F98-A7F0-0E36BC8C92BF}.Debug|x64.Build.0 = Debug|x64
		{8BC576C9-8A3A-4F98-A7F0-0E36BC8C92BF}.Debug|x86.ActiveCfg = Debug|Win32
		{8BC576C9-8A3A-4F98-A7F0-0E36BC8C92BF}.Debug|x86.Build.0 = Debug|Win32
		{8BC576C9-8A3A-4F98-A7F0-0E36BC8C92BF}.Release|x64.ActiveCfg = Release|x64
		{8BC576C9-8A3A-4F98-A7F0-0E36BC8C92BF}.Release|x64.Build.0 = Release|x64
		{8BC576C9-8A3A-4F98-A7F0-0E36BC8C92BF}.Release|x86.ActiveCfg = Release|Win32
		{8BC576C9-8A3A-4F98-A7F0-0E36BC8C92BF}.Release|x86.Build.0 = Release|Win32
	EndGlobalSection
	GlobalSection(SolutionProperties) = preSolution
		HideSolutionNode = FALSE
	EndGlobalSection
	GlobalSection(ExtensibilityGlobals) = postSolution
		SolutionGuid = {0B53F051-ED04-4C51-9C47-CFF7D2A31EA9}
	EndGlobalSection
EndGlobal
